
Microsoft Visual Studio Solution File, Format Version 12.00
# Visual Studio Version 17
VisualStudioVersion = 17.8.34525.116
MinimumVisualStudioVersion = 10.0.40219.1
Project("{FAE04EC0-301F-11D3-BF4B-00C04F79EFBC}") = "Lab8", "Lab8\Lab8.csproj", "{52BECBCA-E48D-4C0F-BD13-B99E84B02DAD}"
EndProject
Global
	GlobalSection(SolutionConfigurationPlatforms) = preSolution
		Debug|Any CPU = Debug|Any CPU
		Release|Any CPU = Release|Any CPU
	EndGlobalSection
	GlobalSection(ProjectConfigurationPlatforms) = postSolution
		{52BECBCA-E48D-4C0F-BD13-B99E84B02DAD}.Debug|Any CPU.ActiveCfg = Debug|Any CPU
		{52BECBCA-E48D-4C0F-BD13-B99E84B02DAD}.Debug|Any CPU.Build.0 = Debug|Any CPU
		{52BECBCA-E48D-4C0F-BD13-B99E84B02DAD}.Release|Any CPU.ActiveCfg = Release|Any CPU
		{52BECBCA-E48D-4C0F-BD13-B99E84B02DAD}.Release|Any CPU.Build.0 = Release|Any CPU
	EndGlobalSection
	GlobalSection(SolutionProperties) = preSolution
		HideSolutionNode = FALSE
	EndGlobalSection
	GlobalSection(ExtensibilityGlobals) = postSolution
		SolutionGuid = {C952CB5F-0F6D-46C4-BF0B-4C5027C9DAB3}
	EndGlobalSection
EndGlobal
